// !$*UTF8*$!
{
	archiveVersion = 1;
	classes = {
	};
	objectVersion = 56;
	objects = {

/* Begin PBXBuildFile section */
		ED5C80BD2ACFF9F900A5E8F7 /* SwiftMoviesApp.swift in Sources */ = {isa = PBXBuildFile; fileRef = ED5C80BC2ACFF9F900A5E8F7 /* SwiftMoviesApp.swift */; };
		ED5C80BF2ACFF9F900A5E8F7 /* MoviesList.swift in Sources */ = {isa = PBXBuildFile; fileRef = ED5C80BE2ACFF9F900A5E8F7 /* MoviesList.swift */; };
		ED5C80C12ACFF9FB00A5E8F7 /* Assets.xcassets in Resources */ = {isa = PBXBuildFile; fileRef = ED5C80C02ACFF9FB00A5E8F7 /* Assets.xcassets */; };
		ED5C80C42ACFF9FB00A5E8F7 /* Preview Assets.xcassets in Resources */ = {isa = PBXBuildFile; fileRef = ED5C80C32ACFF9FB00A5E8F7 /* Preview Assets.xcassets */; };
		ED5C80CE2ACFF9FB00A5E8F7 /* SwiftMoviesTests.swift in Sources */ = {isa = PBXBuildFile; fileRef = ED5C80CD2ACFF9FB00A5E8F7 /* SwiftMoviesTests.swift */; };
		ED5C80D82ACFF9FB00A5E8F7 /* SwiftMoviesUITests.swift in Sources */ = {isa = PBXBuildFile; fileRef = ED5C80D72ACFF9FB00A5E8F7 /* SwiftMoviesUITests.swift */; };
		ED5C80DA2ACFF9FB00A5E8F7 /* SwiftMoviesUITestsLaunchTests.swift in Sources */ = {isa = PBXBuildFile; fileRef = ED5C80D92ACFF9FB00A5E8F7 /* SwiftMoviesUITestsLaunchTests.swift */; };
		ED5C80E72ACFFA7200A5E8F7 /* Movie.swift in Sources */ = {isa = PBXBuildFile; fileRef = ED5C80E62ACFFA7200A5E8F7 /* Movie.swift */; };
		ED5C80E92ACFFA8A00A5E8F7 /* BaseAPI.swift in Sources */ = {isa = PBXBuildFile; fileRef = ED5C80E82ACFFA8A00A5E8F7 /* BaseAPI.swift */; };
		ED5C80EB2AD00B9300A5E8F7 /* Movies.swift in Sources */ = {isa = PBXBuildFile; fileRef = ED5C80EA2AD00B9300A5E8F7 /* Movies.swift */; };
		ED5C80EE2AD0130F00A5E8F7 /* MainCoordinator.swift in Sources */ = {isa = PBXBuildFile; fileRef = ED5C80ED2AD0130F00A5E8F7 /* MainCoordinator.swift */; };
		ED5C80F32AD0212C00A5E8F7 /* MovieSimpleView.swift in Sources */ = {isa = PBXBuildFile; fileRef = ED5C80F22AD0212C00A5E8F7 /* MovieSimpleView.swift */; };
		ED5C80F52AD02DD400A5E8F7 /* MovieDetailedView.swift in Sources */ = {isa = PBXBuildFile; fileRef = ED5C80F42AD02DD400A5E8F7 /* MovieDetailedView.swift */; };
/* End PBXBuildFile section */

/* Begin PBXContainerItemProxy section */
		ED5C80CA2ACFF9FB00A5E8F7 /* PBXContainerItemProxy */ = {
			isa = PBXContainerItemProxy;
			containerPortal = ED5C80B12ACFF9F900A5E8F7 /* Project object */;
			proxyType = 1;
			remoteGlobalIDString = ED5C80B82ACFF9F900A5E8F7;
			remoteInfo = SwiftMovies;
		};
		ED5C80D42ACFF9FB00A5E8F7 /* PBXContainerItemProxy */ = {
			isa = PBXContainerItemProxy;
			containerPortal = ED5C80B12ACFF9F900A5E8F7 /* Project object */;
			proxyType = 1;
			remoteGlobalIDString = ED5C80B82ACFF9F900A5E8F7;
			remoteInfo = SwiftMovies;
		};
/* End PBXContainerItemProxy section */

/* Begin PBXFileReference section */
		ED5C80B92ACFF9F900A5E8F7 /* SwiftMovies.app */ = {isa = PBXFileReference; explicitFileType = wrapper.application; includeInIndex = 0; path = SwiftMovies.app; sourceTree = BUILT_PRODUCTS_DIR; };
		ED5C80BC2ACFF9F900A5E8F7 /* SwiftMoviesApp.swift */ = {isa = PBXFileReference; lastKnownFileType = sourcecode.swift; path = SwiftMoviesApp.swift; sourceTree = "<group>"; };
		ED5C80BE2ACFF9F900A5E8F7 /* MoviesList.swift */ = {isa = PBXFileReference; lastKnownFileType = sourcecode.swift; path = MoviesList.swift; sourceTree = "<group>"; };
		ED5C80C02ACFF9FB00A5E8F7 /* Assets.xcassets */ = {isa = PBXFileReference; lastKnownFileType = folder.assetcatalog; path = Assets.xcassets; sourceTree = "<group>"; };
		ED5C80C32ACFF9FB00A5E8F7 /* Preview Assets.xcassets */ = {isa = PBXFileReference; lastKnownFileType = folder.assetcatalog; path = "Preview Assets.xcassets"; sourceTree = "<group>"; };
		ED5C80C92ACFF9FB00A5E8F7 /* SwiftMoviesTests.xctest */ = {isa = PBXFileReference; explicitFileType = wrapper.cfbundle; includeInIndex = 0; path = SwiftMoviesTests.xctest; sourceTree = BUILT_PRODUCTS_DIR; };
		ED5C80CD2ACFF9FB00A5E8F7 /* SwiftMoviesTests.swift */ = {isa = PBXFileReference; lastKnownFileType = sourcecode.swift; path = SwiftMoviesTests.swift; sourceTree = "<group>"; };
		ED5C80D32ACFF9FB00A5E8F7 /* SwiftMoviesUITests.xctest */ = {isa = PBXFileReference; explicitFileType = wrapper.cfbundle; includeInIndex = 0; path = SwiftMoviesUITests.xctest; sourceTree = BUILT_PRODUCTS_DIR; };
		ED5C80D72ACFF9FB00A5E8F7 /* SwiftMoviesUITests.swift */ = {isa = PBXFileReference; lastKnownFileType = sourcecode.swift; path = SwiftMoviesUITests.swift; sourceTree = "<group>"; };
		ED5C80D92ACFF9FB00A5E8F7 /* SwiftMoviesUITestsLaunchTests.swift */ = {isa = PBXFileReference; lastKnownFileType = sourcecode.swift; path = SwiftMoviesUITestsLaunchTests.swift; sourceTree = "<group>"; };
		ED5C80E62ACFFA7200A5E8F7 /* Movie.swift */ = {isa = PBXFileReference; lastKnownFileType = sourcecode.swift; path = Movie.swift; sourceTree = "<group>"; };
		ED5C80E82ACFFA8A00A5E8F7 /* BaseAPI.swift */ = {isa = PBXFileReference; lastKnownFileType = sourcecode.swift; path = BaseAPI.swift; sourceTree = "<group>"; };
		ED5C80EA2AD00B9300A5E8F7 /* Movies.swift */ = {isa = PBXFileReference; lastKnownFileType = sourcecode.swift; path = Movies.swift; sourceTree = "<group>"; };
		ED5C80ED2AD0130F00A5E8F7 /* MainCoordinator.swift */ = {isa = PBXFileReference; lastKnownFileType = sourcecode.swift; path = MainCoordinator.swift; sourceTree = "<group>"; };
		ED5C80F22AD0212C00A5E8F7 /* MovieSimpleView.swift */ = {isa = PBXFileReference; lastKnownFileType = sourcecode.swift; path = MovieSimpleView.swift; sourceTree = "<group>"; };
		ED5C80F42AD02DD400A5E8F7 /* MovieDetailedView.swift */ = {isa = PBXFileReference; lastKnownFileType = sourcecode.swift; path = MovieDetailedView.swift; sourceTree = "<group>"; };
		ED8D22B52AD041780043026F /* Info.plist */ = {isa = PBXFileReference; lastKnownFileType = text.plist; path = Info.plist; sourceTree = "<group>"; };
/* End PBXFileReference section */

/* Begin PBXFrameworksBuildPhase section */
		ED5C80B62ACFF9F900A5E8F7 /* Frameworks */ = {
			isa = PBXFrameworksBuildPhase;
			buildActionMask = 2147483647;
			files = (
			);
			runOnlyForDeploymentPostprocessing = 0;
		};
		ED5C80C62ACFF9FB00A5E8F7 /* Frameworks */ = {
			isa = PBXFrameworksBuildPhase;
			buildActionMask = 2147483647;
			files = (
			);
			runOnlyForDeploymentPostprocessing = 0;
		};
		ED5C80D02ACFF9FB00A5E8F7 /* Frameworks */ = {
			isa = PBXFrameworksBuildPhase;
			buildActionMask = 2147483647;
			files = (
			);
			runOnlyForDeploymentPostprocessing = 0;
		};
/* End PBXFrameworksBuildPhase section */

/* Begin PBXGroup section */
		ED5C80B02ACFF9F900A5E8F7 = {
			isa = PBXGroup;
			children = (
				ED5C80BB2ACFF9F900A5E8F7 /* SwiftMovies */,
				ED5C80CC2ACFF9FB00A5E8F7 /* SwiftMoviesTests */,
				ED5C80D62ACFF9FB00A5E8F7 /* SwiftMoviesUITests */,
				ED5C80BA2ACFF9F900A5E8F7 /* Products */,
			);
			sourceTree = "<group>";
		};
		ED5C80BA2ACFF9F900A5E8F7 /* Products */ = {
			isa = PBXGroup;
			children = (
				ED5C80B92ACFF9F900A5E8F7 /* SwiftMovies.app */,
				ED5C80C92ACFF9FB00A5E8F7 /* SwiftMoviesTests.xctest */,
				ED5C80D32ACFF9FB00A5E8F7 /* SwiftMoviesUITests.xctest */,
			);
			name = Products;
			sourceTree = "<group>";
		};
		ED5C80BB2ACFF9F900A5E8F7 /* SwiftMovies */ = {
			isa = PBXGroup;
			children = (
				ED8D22B52AD041780043026F /* Info.plist */,
				ED5C80E82ACFFA8A00A5E8F7 /* BaseAPI.swift */,
				ED5C80ED2AD0130F00A5E8F7 /* MainCoordinator.swift */,
				ED5C80BC2ACFF9F900A5E8F7 /* SwiftMoviesApp.swift */,
				ED5C80EC2AD00B9A00A5E8F7 /* Models */,
				ED5C80EF2AD0188000A5E8F7 /* Views */,
				ED5C80C02ACFF9FB00A5E8F7 /* Assets.xcassets */,
				ED5C80C22ACFF9FB00A5E8F7 /* Preview Content */,
			);
			path = SwiftMovies;
			sourceTree = "<group>";
		};
		ED5C80C22ACFF9FB00A5E8F7 /* Preview Content */ = {
			isa = PBXGroup;
			children = (
				ED5C80C32ACFF9FB00A5E8F7 /* Preview Assets.xcassets */,
			);
			path = "Preview Content";
			sourceTree = "<group>";
		};
		ED5C80CC2ACFF9FB00A5E8F7 /* SwiftMoviesTests */ = {
			isa = PBXGroup;
			children = (
				ED5C80CD2ACFF9FB00A5E8F7 /* SwiftMoviesTests.swift */,
			);
			path = SwiftMoviesTests;
			sourceTree = "<group>";
		};
		ED5C80D62ACFF9FB00A5E8F7 /* SwiftMoviesUITests */ = {
			isa = PBXGroup;
			children = (
				ED5C80D72ACFF9FB00A5E8F7 /* SwiftMoviesUITests.swift */,
				ED5C80D92ACFF9FB00A5E8F7 /* SwiftMoviesUITestsLaunchTests.swift */,
			);
			path = SwiftMoviesUITests;
			sourceTree = "<group>";
		};
		ED5C80EC2AD00B9A00A5E8F7 /* Models */ = {
			isa = PBXGroup;
			children = (
				ED5C80E62ACFFA7200A5E8F7 /* Movie.swift */,
				ED5C80EA2AD00B9300A5E8F7 /* Movies.swift */,
			);
			path = Models;
			sourceTree = "<group>";
		};
		ED5C80EF2AD0188000A5E8F7 /* Views */ = {
			isa = PBXGroup;
			children = (
				ED5C80BE2ACFF9F900A5E8F7 /* MoviesList.swift */,
				ED5C80F22AD0212C00A5E8F7 /* MovieSimpleView.swift */,
				ED5C80F42AD02DD400A5E8F7 /* MovieDetailedView.swift */,
			);
			path = Views;
			sourceTree = "<group>";
		};
/* End PBXGroup section */

/* Begin PBXNativeTarget section */
		ED5C80B82ACFF9F900A5E8F7 /* SwiftMovies */ = {
			isa = PBXNativeTarget;
			buildConfigurationList = ED5C80DD2ACFF9FB00A5E8F7 /* Build configuration list for PBXNativeTarget "SwiftMovies" */;
			buildPhases = (
				ED5C80B52ACFF9F900A5E8F7 /* Sources */,
				ED5C80B62ACFF9F900A5E8F7 /* Frameworks */,
				ED5C80B72ACFF9F900A5E8F7 /* Resources */,
			);
			buildRules = (
			);
			dependencies = (
			);
			name = SwiftMovies;
			productName = SwiftMovies;
			productReference = ED5C80B92ACFF9F900A5E8F7 /* SwiftMovies.app */;
			productType = "com.apple.product-type.application";
		};
		ED5C80C82ACFF9FB00A5E8F7 /* SwiftMoviesTests */ = {
			isa = PBXNativeTarget;
			buildConfigurationList = ED5C80E02ACFF9FB00A5E8F7 /* Build configuration list for PBXNativeTarget "SwiftMoviesTests" */;
			buildPhases = (
				ED5C80C52ACFF9FB00A5E8F7 /* Sources */,
				ED5C80C62ACFF9FB00A5E8F7 /* Frameworks */,
				ED5C80C72ACFF9FB00A5E8F7 /* Resources */,
			);
			buildRules = (
			);
			dependencies = (
				ED5C80CB2ACFF9FB00A5E8F7 /* PBXTargetDependency */,
			);
			name = SwiftMoviesTests;
			productName = SwiftMoviesTests;
			productReference = ED5C80C92ACFF9FB00A5E8F7 /* SwiftMoviesTests.xctest */;
			productType = "com.apple.product-type.bundle.unit-test";
		};
		ED5C80D22ACFF9FB00A5E8F7 /* SwiftMoviesUITests */ = {
			isa = PBXNativeTarget;
			buildConfigurationList = ED5C80E32ACFF9FB00A5E8F7 /* Build configuration list for PBXNativeTarget "SwiftMoviesUITests" */;
			buildPhases = (
				ED5C80CF2ACFF9FB00A5E8F7 /* Sources */,
				ED5C80D02ACFF9FB00A5E8F7 /* Frameworks */,
				ED5C80D12ACFF9FB00A5E8F7 /* Resources */,
			);
			buildRules = (
			);
			dependencies = (
				ED5C80D52ACFF9FB00A5E8F7 /* PBXTargetDependency */,
			);
			name = SwiftMoviesUITests;
			productName = SwiftMoviesUITests;
			productReference = ED5C80D32ACFF9FB00A5E8F7 /* SwiftMoviesUITests.xctest */;
			productType = "com.apple.product-type.bundle.ui-testing";
		};
/* End PBXNativeTarget section */

/* Begin PBXProject section */
		ED5C80B12ACFF9F900A5E8F7 /* Project object */ = {
			isa = PBXProject;
			attributes = {
				BuildIndependentTargetsInParallel = 1;
				LastSwiftUpdateCheck = 1500;
				LastUpgradeCheck = 1500;
				TargetAttributes = {
					ED5C80B82ACFF9F900A5E8F7 = {
						CreatedOnToolsVersion = 15.0;
					};
					ED5C80C82ACFF9FB00A5E8F7 = {
						CreatedOnToolsVersion = 15.0;
						TestTargetID = ED5C80B82ACFF9F900A5E8F7;
					};
					ED5C80D22ACFF9FB00A5E8F7 = {
						CreatedOnToolsVersion = 15.0;
						TestTargetID = ED5C80B82ACFF9F900A5E8F7;
					};
				};
			};
			buildConfigurationList = ED5C80B42ACFF9F900A5E8F7 /* Build configuration list for PBXProject "SwiftMovies" */;
			compatibilityVersion = "Xcode 14.0";
			developmentRegion = en;
			hasScannedForEncodings = 0;
			knownRegions = (
				en,
				Base,
			);
			mainGroup = ED5C80B02ACFF9F900A5E8F7;
			productRefGroup = ED5C80BA2ACFF9F900A5E8F7 /* Products */;
			projectDirPath = "";
			projectRoot = "";
			targets = (
				ED5C80B82ACFF9F900A5E8F7 /* SwiftMovies */,
				ED5C80C82ACFF9FB00A5E8F7 /* SwiftMoviesTests */,
				ED5C80D22ACFF9FB00A5E8F7 /* SwiftMoviesUITests */,
			);
		};
/* End PBXProject section */

/* Begin PBXResourcesBuildPhase section */
		ED5C80B72ACFF9F900A5E8F7 /* Resources */ = {
			isa = PBXResourcesBuildPhase;
			buildActionMask = 2147483647;
			files = (
				ED5C80C42ACFF9FB00A5E8F7 /* Preview Assets.xcassets in Resources */,
				ED5C80C12ACFF9FB00A5E8F7 /* Assets.xcassets in Resources */,
			);
			runOnlyForDeploymentPostprocessing = 0;
		};
		ED5C80C72ACFF9FB00A5E8F7 /* Resources */ = {
			isa = PBXResourcesBuildPhase;
			buildActionMask = 2147483647;
			files = (
			);
			runOnlyForDeploymentPostprocessing = 0;
		};
		ED5C80D12ACFF9FB00A5E8F7 /* Resources */ = {
			isa = PBXResourcesBuildPhase;
			buildActionMask = 2147483647;
			files = (
			);
			runOnlyForDeploymentPostprocessing = 0;
		};
/* End PBXResourcesBuildPhase section */

/* Begin PBXSourcesBuildPhase section */
		ED5C80B52ACFF9F900A5E8F7 /* Sources */ = {
			isa = PBXSourcesBuildPhase;
			buildActionMask = 2147483647;
			files = (
				ED5C80EE2AD0130F00A5E8F7 /* MainCoordinator.swift in Sources */,
				ED5C80F52AD02DD400A5E8F7 /* MovieDetailedView.swift in Sources */,
				ED5C80EB2AD00B9300A5E8F7 /* Movies.swift in Sources */,
				ED5C80BF2ACFF9F900A5E8F7 /* MoviesList.swift in Sources */,
				ED5C80E92ACFFA8A00A5E8F7 /* BaseAPI.swift in Sources */,
				ED5C80BD2ACFF9F900A5E8F7 /* SwiftMoviesApp.swift in Sources */,
				ED5C80E72ACFFA7200A5E8F7 /* Movie.swift in Sources */,
				ED5C80F32AD0212C00A5E8F7 /* MovieSimpleView.swift in Sources */,
			);
			runOnlyForDeploymentPostprocessing = 0;
		};
		ED5C80C52ACFF9FB00A5E8F7 /* Sources */ = {
			isa = PBXSourcesBuildPhase;
			buildActionMask = 2147483647;
			files = (
				ED5C80CE2ACFF9FB00A5E8F7 /* SwiftMoviesTests.swift in Sources */,
			);
			runOnlyForDeploymentPostprocessing = 0;
		};
		ED5C80CF2ACFF9FB00A5E8F7 /* Sources */ = {
			isa = PBXSourcesBuildPhase;
			buildActionMask = 2147483647;
			files = (
				ED5C80D82ACFF9FB00A5E8F7 /* SwiftMoviesUITests.swift in Sources */,
				ED5C80DA2ACFF9FB00A5E8F7 /* SwiftMoviesUITestsLaunchTests.swift in Sources */,
			);
			runOnlyForDeploymentPostprocessing = 0;
		};
/* End PBXSourcesBuildPhase section */

/* Begin PBXTargetDependency section */
		ED5C80CB2ACFF9FB00A5E8F7 /* PBXTargetDependency */ = {
			isa = PBXTargetDependency;
			target = ED5C80B82ACFF9F900A5E8F7 /* SwiftMovies */;
			targetProxy = ED5C80CA2ACFF9FB00A5E8F7 /* PBXContainerItemProxy */;
		};
		ED5C80D52ACFF9FB00A5E8F7 /* PBXTargetDependency */ = {
			isa = PBXTargetDependency;
			target = ED5C80B82ACFF9F900A5E8F7 /* SwiftMovies */;
			targetProxy = ED5C80D42ACFF9FB00A5E8F7 /* PBXContainerItemProxy */;
		};
/* End PBXTargetDependency section */

/* Begin XCBuildConfiguration section */
		ED5C80DB2ACFF9FB00A5E8F7 /* Debug */ = {
			isa = XCBuildConfiguration;
			buildSettings = {
				ALWAYS_SEARCH_USER_PATHS = NO;
				ASSETCATALOG_COMPILER_GENERATE_SWIFT_ASSET_SYMBOL_EXTENSIONS = YES;
				CLANG_ANALYZER_NONNULL = YES;
				CLANG_ANALYZER_NUMBER_OBJECT_CONVERSION = YES_AGGRESSIVE;
				CLANG_CXX_LANGUAGE_STANDARD = "gnu++20";
				CLANG_ENABLE_MODULES = YES;
				CLANG_ENABLE_OBJC_ARC = YES;
				CLANG_ENABLE_OBJC_WEAK = YES;
				CLANG_WARN_BLOCK_CAPTURE_AUTORELEASING = YES;
				CLANG_WARN_BOOL_CONVERSION = YES;
				CLANG_WARN_COMMA = YES;
				CLANG_WARN_CONSTANT_CONVERSION = YES;
				CLANG_WARN_DEPRECATED_OBJC_IMPLEMENTATIONS = YES;
				CLANG_WARN_DIRECT_OBJC_ISA_USAGE = YES_ERROR;
				CLANG_WARN_DOCUMENTATION_COMMENTS = YES;
				CLANG_WARN_EMPTY_BODY = YES;
				CLANG_WARN_ENUM_CONVERSION = YES;
				CLANG_WARN_INFINITE_RECURSION = YES;
				CLANG_WARN_INT_CONVERSION = YES;
				CLANG_WARN_NON_LITERAL_NULL_CONVERSION = YES;
				CLANG_WARN_OBJC_IMPLICIT_RETAIN_SELF = YES;
				CLANG_WARN_OBJC_LITERAL_CONVERSION = YES;
				CLANG_WARN_OBJC_ROOT_CLASS = YES_ERROR;
				CLANG_WARN_QUOTED_INCLUDE_IN_FRAMEWORK_HEADER = YES;
				CLANG_WARN_RANGE_LOOP_ANALYSIS = YES;
				CLANG_WARN_STRICT_PROTOTYPES = YES;
				CLANG_WARN_SUSPICIOUS_MOVE = YES;
				CLANG_WARN_UNGUARDED_AVAILABILITY = YES_AGGRESSIVE;
				CLANG_WARN_UNREACHABLE_CODE = YES;
				CLANG_WARN__DUPLICATE_METHOD_MATCH = YES;
				COPY_PHASE_STRIP = NO;
				DEBUG_INFORMATION_FORMAT = dwarf;
				ENABLE_STRICT_OBJC_MSGSEND = YES;
				ENABLE_TESTABILITY = YES;
				ENABLE_USER_SCRIPT_SANDBOXING = YES;
				GCC_C_LANGUAGE_STANDARD = gnu17;
				GCC_DYNAMIC_NO_PIC = NO;
				GCC_NO_COMMON_BLOCKS = YES;
				GCC_OPTIMIZATION_LEVEL = 0;
				GCC_PREPROCESSOR_DEFINITIONS = (
					"DEBUG=1",
					"$(inherited)",
				);
				GCC_WARN_64_TO_32_BIT_CONVERSION = YES;
				GCC_WARN_ABOUT_RETURN_TYPE = YES_ERROR;
				GCC_WARN_UNDECLARED_SELECTOR = YES;
				GCC_WARN_UNINITIALIZED_AUTOS = YES_AGGRESSIVE;
				GCC_WARN_UNUSED_FUNCTION = YES;
				GCC_WARN_UNUSED_VARIABLE = YES;
				IPHONEOS_DEPLOYMENT_TARGET = 17.0;
				LOCALIZATION_PREFERS_STRING_CATALOGS = YES;
				MTL_ENABLE_DEBUG_INFO = INCLUDE_SOURCE;
				MTL_FAST_MATH = YES;
				ONLY_ACTIVE_ARCH = YES;
				SDKROOT = iphoneos;
				SWIFT_ACTIVE_COMPILATION_CONDITIONS = "DEBUG $(inherited)";
				SWIFT_OPTIMIZATION_LEVEL = "-Onone";
			};
			name = Debug;
		};
		ED5C80DC2ACFF9FB00A5E8F7 /* Release */ = {
			isa = XCBuildConfiguration;
			buildSettings = {
				ALWAYS_SEARCH_USER_PATHS = NO;
				ASSETCATALOG_COMPILER_GENERATE_SWIFT_ASSET_SYMBOL_EXTENSIONS = YES;
				CLANG_ANALYZER_NONNULL = YES;
				CLANG_ANALYZER_NUMBER_OBJECT_CONVERSION = YES_AGGRESSIVE;
				CLANG_CXX_LANGUAGE_STANDARD = "gnu++20";
				CLANG_ENABLE_MODULES = YES;
				CLANG_ENABLE_OBJC_ARC = YES;
				CLANG_ENABLE_OBJC_WEAK = YES;
				CLANG_WARN_BLOCK_CAPTURE_AUTORELEASING = YES;
				CLANG_WARN_BOOL_CONVERSION = YES;
				CLANG_WARN_COMMA = YES;
				CLANG_WARN_CONSTANT_CONVERSION = YES;
				CLANG_WARN_DEPRECATED_OBJC_IMPLEMENTATIONS = YES;
				CLANG_WARN_DIRECT_OBJC_ISA_USAGE = YES_ERROR;
				CLANG_WARN_DOCUMENTATION_COMMENTS = YES;
				CLANG_WARN_EMPTY_BODY = YES;
				CLANG_WARN_ENUM_CONVERSION = YES;
				CLANG_WARN_INFINITE_RECURSION = YES;
				CLANG_WARN_INT_CONVERSION = YES;
				CLANG_WARN_NON_LITERAL_NULL_CONVERSION = YES;
				CLANG_WARN_OBJC_IMPLICIT_RETAIN_SELF = YES;
				CLANG_WARN_OBJC_LITERAL_CONVERSION = YES;
				CLANG_WARN_OBJC_ROOT_CLASS = YES_ERROR;
				CLANG_WARN_QUOTED_INCLUDE_IN_FRAMEWORK_HEADER = YES;
				CLANG_WARN_RANGE_LOOP_ANALYSIS = YES;
				CLANG_WARN_STRICT_PROTOTYPES = YES;
				CLANG_WARN_SUSPICIOUS_MOVE = YES;
				CLANG_WARN_UNGUARDED_AVAILABILITY = YES_AGGRESSIVE;
				CLANG_WARN_UNREACHABLE_CODE = YES;
				CLANG_WARN__DUPLICATE_METHOD_MATCH = YES;
				COPY_PHASE_STRIP = NO;
				DEBUG_INFORMATION_FORMAT = "dwarf-with-dsym";
				ENABLE_NS_ASSERTIONS = NO;
				ENABLE_STRICT_OBJC_MSGSEND = YES;
				ENABLE_USER_SCRIPT_SANDBOXING = YES;
				GCC_C_LANGUAGE_STANDARD = gnu17;
				GCC_NO_COMMON_BLOCKS = YES;
				GCC_WARN_64_TO_32_BIT_CONVERSION = YES;
				GCC_WARN_ABOUT_RETURN_TYPE = YES_ERROR;
				GCC_WARN_UNDECLARED_SELECTOR = YES;
				GCC_WARN_UNINITIALIZED_AUTOS = YES_AGGRESSIVE;
				GCC_WARN_UNUSED_FUNCTION = YES;
				GCC_WARN_UNUSED_VARIABLE = YES;
				IPHONEOS_DEPLOYMENT_TARGET = 17.0;
				LOCALIZATION_PREFERS_STRING_CATALOGS = YES;
				MTL_ENABLE_DEBUG_INFO = NO;
				MTL_FAST_MATH = YES;
				SDKROOT = iphoneos;
				SWIFT_COMPILATION_MODE = wholemodule;
				VALIDATE_PRODUCT = YES;
			};
			name = Release;
		};
		ED5C80DE2ACFF9FB00A5E8F7 /* Debug */ = {
			isa = XCBuildConfiguration;
			buildSettings = {
				ASSETCATALOG_COMPILER_APPICON_NAME = AppIcon;
				ASSETCATALOG_COMPILER_GLOBAL_ACCENT_COLOR_NAME = AccentColor;
				CODE_SIGN_STYLE = Automatic;
				CURRENT_PROJECT_VERSION = 1;
				DEVELOPMENT_ASSET_PATHS = "\"SwiftMovies/Preview Content\"";
				DEVELOPMENT_TEAM = 9YR8T4NM6N;
				ENABLE_PREVIEWS = YES;
				GENERATE_INFOPLIST_FILE = YES;
				INFOPLIST_FILE = SwiftMovies/Info.plist;
				INFOPLIST_KEY_UIApplicationSceneManifest_Generation = YES;
				INFOPLIST_KEY_UIApplicationSupportsIndirectInputEvents = YES;
				INFOPLIST_KEY_UISupportedInterfaceOrientations_iPad = "UIInterfaceOrientationPortrait UIInterfaceOrientationPortraitUpsideDown UIInterfaceOrientationLandscapeLeft UIInterfaceOrientationLandscapeRight";
				INFOPLIST_KEY_UISupportedInterfaceOrientations_iPhone = "UIInterfaceOrientationPortrait UIInterfaceOrientationLandscapeLeft UIInterfaceOrientationLandscapeRight";
				LD_RUNPATH_SEARCH_PATHS = (
					"$(inherited)",
					"@executable_path/Frameworks",
				);
				MARKETING_VERSION = 1.0;
				PRODUCT_BUNDLE_IDENTIFIER = com.home.SwiftMovies;
				PRODUCT_NAME = "$(TARGET_NAME)";
				SWIFT_EMIT_LOC_STRINGS = YES;
				SWIFT_VERSION = 5.0;
				TARGETED_DEVICE_FAMILY = "1,2";
			};
			name = Debug;
		};
		ED5C80DF2ACFF9FB00A5E8F7 /* Release */ = {
			isa = XCBuildConfiguration;
			buildSettings = {
				ASSETCATALOG_COMPILER_APPICON_NAME = AppIcon;
				ASSETCATALOG_COMPILER_GLOBAL_ACCENT_COLOR_NAME = AccentColor;
				CODE_SIGN_STYLE = Automatic;
				CURRENT_PROJECT_VERSION = 1;
				DEVELOPMENT_ASSET_PATHS = "\"SwiftMovies/Preview Content\"";
				DEVELOPMENT_TEAM = 9YR8T4NM6N;
				ENABLE_PREVIEWS = YES;
				GENERATE_INFOPLIST_FILE = YES;
				INFOPLIST_FILE = SwiftMovies/Info.plist;
				INFOPLIST_KEY_UIApplicationSceneManifest_Generation = YES;
				INFOPLIST_KEY_UIApplicationSupportsIndirectInputEvents = YES;
				INFOPLIST_KEY_UISupportedInterfaceOrientations_iPad = "UIInterfaceOrientationPortrait UIInterfaceOrientationPortraitUpsideDown UIInterfaceOrientationLandscapeLeft UIInterfaceOrientationLandscapeRight";
				INFOPLIST_KEY_UISupportedInterfaceOrientations_iPhone = "UIInterfaceOrientationPortrait UIInterfaceOrientationLandscapeLeft UIInterfaceOrientationLandscapeRight";
				LD_RUNPATH_SEARCH_PATHS = (
					"$(inherited)",
					"@executable_path/Frameworks",
				);
				MARKETING_VERSION = 1.0;
				PRODUCT_BUNDLE_IDENTIFIER = com.home.SwiftMovies;
				PRODUCT_NAME = "$(TARGET_NAME)";
				SWIFT_EMIT_LOC_STRINGS = YES;
				SWIFT_VERSION = 5.0;
				TARGETED_DEVICE_FAMILY = "1,2";
			};
			name = Release;
		};
		ED5C80E12ACFF9FB00A5E8F7 /* Debug */ = {
			isa = XCBuildConfiguration;
			buildSettings = {
				ALWAYS_EMBED_SWIFT_STANDARD_LIBRARIES = YES;
				BUNDLE_LOADER = "$(TEST_HOST)";
				CODE_SIGN_STYLE = Automatic;
				CURRENT_PROJECT_VERSION = 1;
				DEVELOPMENT_TEAM = 9YR8T4NM6N;
				GENERATE_INFOPLIST_FILE = YES;
				IPHONEOS_DEPLOYMENT_TARGET = 17.0;
				MARKETING_VERSION = 1.0;
				PRODUCT_BUNDLE_IDENTIFIER = com.home.SwiftMoviesTests;
				PRODUCT_NAME = "$(TARGET_NAME)";
				SWIFT_EMIT_LOC_STRINGS = NO;
				SWIFT_VERSION = 5.0;
				TARGETED_DEVICE_FAMILY = "1,2";
				TEST_HOST = "$(BUILT_PRODUCTS_DIR)/SwiftMovies.app/$(BUNDLE_EXECUTABLE_FOLDER_PATH)/SwiftMovies";
			};
			name = Debug;
		};
		ED5C80E22ACFF9FB00A5E8F7 /* Release */ = {
			isa = XCBuildConfiguration;
			buildSettings = {
				ALWAYS_EMBED_SWIFT_STANDARD_LIBRARIES = YES;
				BUNDLE_LOADER = "$(TEST_HOST)";
				CODE_SIGN_STYLE = Automatic;
				CURRENT_PROJECT_VERSION = 1;
				DEVELOPMENT_TEAM = 9YR8T4NM6N;
				GENERATE_INFOPLIST_FILE = YES;
				IPHONEOS_DEPLOYMENT_TARGET = 17.0;
				MARKETING_VERSION = 1.0;
				PRODUCT_BUNDLE_IDENTIFIER = com.home.SwiftMoviesTests;
				PRODUCT_NAME = "$(TARGET_NAME)";
				SWIFT_EMIT_LOC_STRINGS = NO;
				SWIFT_VERSION = 5.0;
				TARGETED_DEVICE_FAMILY = "1,2";
				TEST_HOST = "$(BUILT_PRODUCTS_DIR)/SwiftMovies.app/$(BUNDLE_EXECUTABLE_FOLDER_PATH)/SwiftMovies";
			};
			name = Release;
		};
		ED5C80E42ACFF9FB00A5E8F7 /* Debug */ = {
			isa = XCBuildConfiguration;
			buildSettings = {
				ALWAYS_EMBED_SWIFT_STANDARD_LIBRARIES = YES;
				CODE_SIGN_STYLE = Automatic;
				CURRENT_PROJECT_VERSION = 1;
				DEVELOPMENT_TEAM = 9YR8T4NM6N;
				GENERATE_INFOPLIST_FILE = YES;
				MARKETING_VERSION = 1.0;
				PRODUCT_BUNDLE_IDENTIFIER = com.home.SwiftMoviesUITests;
				PRODUCT_NAME = "$(TARGET_NAME)";
				SWIFT_EMIT_LOC_STRINGS = NO;
				SWIFT_VERSION = 5.0;
				TARGETED_DEVICE_FAMILY = "1,2";
				TEST_TARGET_NAME = SwiftMovies;
			};
			name = Debug;
		};
		ED5C80E52ACFF9FB00A5E8F7 /* Release */ = {
			isa = XCBuildConfiguration;
			buildSettings = {
				ALWAYS_EMBED_SWIFT_STANDARD_LIBRARIES = YES;
				CODE_SIGN_STYLE = Automatic;
				CURRENT_PROJECT_VERSION = 1;
				DEVELOPMENT_TEAM = 9YR8T4NM6N;
				GENERATE_INFOPLIST_FILE = YES;
				MARKETING_VERSION = 1.0;
				PRODUCT_BUNDLE_IDENTIFIER = com.home.SwiftMoviesUITests;
				PRODUCT_NAME = "$(TARGET_NAME)";
				SWIFT_EMIT_LOC_STRINGS = NO;
				SWIFT_VERSION = 5.0;
				TARGETED_DEVICE_FAMILY = "1,2";
				TEST_TARGET_NAME = SwiftMovies;
			};
			name = Release;
		};
/* End XCBuildConfiguration section */

/* Begin XCConfigurationList section */
		ED5C80B42ACFF9F900A5E8F7 /* Build configuration list for PBXProject "SwiftMovies" */ = {
			isa = XCConfigurationList;
			buildConfigurations = (
				ED5C80DB2ACFF9FB00A5E8F7 /* Debug */,
				ED5C80DC2ACFF9FB00A5E8F7 /* Release */,
			);
			defaultConfigurationIsVisible = 0;
			defaultConfigurationName = Release;
		};
		ED5C80DD2ACFF9FB00A5E8F7 /* Build configuration list for PBXNativeTarget "SwiftMovies" */ = {
			isa = XCConfigurationList;
			buildConfigurations = (
				ED5C80DE2ACFF9FB00A5E8F7 /* Debug */,
				ED5C80DF2ACFF9FB00A5E8F7 /* Release */,
			);
			defaultConfigurationIsVisible = 0;
			defaultConfigurationName = Release;
		};
		ED5C80E02ACFF9FB00A5E8F7 /* Build configuration list for PBXNativeTarget "SwiftMoviesTests" */ = {
			isa = XCConfigurationList;
			buildConfigurations = (
				ED5C80E12ACFF9FB00A5E8F7 /* Debug */,
				ED5C80E22ACFF9FB00A5E8F7 /* Release */,
			);
			defaultConfigurationIsVisible = 0;
			defaultConfigurationName = Release;
		};
		ED5C80E32ACFF9FB00A5E8F7 /* Build configuration list for PBXNativeTarget "SwiftMoviesUITests" */ = {
			isa = XCConfigurationList;
			buildConfigurations = (
				ED5C80E42ACFF9FB00A5E8F7 /* Debug */,
				ED5C80E52ACFF9FB00A5E8F7 /* Release */,
			);
			defaultConfigurationIsVisible = 0;
			defaultConfigurationName = Release;
		};
/* End XCConfigurationList section */
	};
	rootObject = ED5C80B12ACFF9F900A5E8F7 /* Project object */;
}
